// !$*UTF8*$!
{
	archiveVersion = 1;
	classes = {
	};
	objectVersion = 48;
	objects = {

/* Begin PBXBuildFile section */
		A200CC3B20AE7D45005422FA /* UIScrollView+MJRefresh.m in Sources */ = {isa = PBXBuildFile; fileRef = A200CC0D20AE7D45005422FA /* UIScrollView+MJRefresh.m */; };
		A200CC3C20AE7D45005422FA /* MJRefreshConst.m in Sources */ = {isa = PBXBuildFile; fileRef = A200CC0E20AE7D45005422FA /* MJRefreshConst.m */; };
		A200CC3D20AE7D45005422FA /* MJRefresh.bundle in Resources */ = {isa = PBXBuildFile; fileRef = A200CC1220AE7D45005422FA /* MJRefresh.bundle */; };
		A200CC3E20AE7D45005422FA /* UIScrollView+MJExtension.m in Sources */ = {isa = PBXBuildFile; fileRef = A200CC1420AE7D45005422FA /* UIScrollView+MJExtension.m */; };
		A200CC3F20AE7D45005422FA /* NSBundle+MJRefresh.m in Sources */ = {isa = PBXBuildFile; fileRef = A200CC1720AE7D45005422FA /* NSBundle+MJRefresh.m */; };
		A200CC4020AE7D45005422FA /* UIView+MJExtension.m in Sources */ = {isa = PBXBuildFile; fileRef = A200CC1820AE7D45005422FA /* UIView+MJExtension.m */; };
		A200CC4120AE7D45005422FA /* MJRefreshBackGifFooter.m in Sources */ = {isa = PBXBuildFile; fileRef = A200CC1F20AE7D45005422FA /* MJRefreshBackGifFooter.m */; };
		A200CC4220AE7D45005422FA /* MJRefreshBackStateFooter.m in Sources */ = {isa = PBXBuildFile; fileRef = A200CC2020AE7D45005422FA /* MJRefreshBackStateFooter.m */; };
		A200CC4320AE7D45005422FA /* MJRefreshBackNormalFooter.m in Sources */ = {isa = PBXBuildFile; fileRef = A200CC2120AE7D45005422FA /* MJRefreshBackNormalFooter.m */; };
		A200CC4420AE7D45005422FA /* MJRefreshAutoStateFooter.m in Sources */ = {isa = PBXBuildFile; fileRef = A200CC2620AE7D45005422FA /* MJRefreshAutoStateFooter.m */; };
		A200CC4520AE7D45005422FA /* MJRefreshAutoGifFooter.m in Sources */ = {isa = PBXBuildFile; fileRef = A200CC2720AE7D45005422FA /* MJRefreshAutoGifFooter.m */; };
		A200CC4620AE7D45005422FA /* MJRefreshAutoNormalFooter.m in Sources */ = {isa = PBXBuildFile; fileRef = A200CC2820AE7D45005422FA /* MJRefreshAutoNormalFooter.m */; };
		A200CC4720AE7D45005422FA /* MJRefreshNormalHeader.m in Sources */ = {isa = PBXBuildFile; fileRef = A200CC2A20AE7D45005422FA /* MJRefreshNormalHeader.m */; };
		A200CC4820AE7D45005422FA /* MJRefreshStateHeader.m in Sources */ = {isa = PBXBuildFile; fileRef = A200CC2E20AE7D45005422FA /* MJRefreshStateHeader.m */; };
		A200CC4920AE7D45005422FA /* MJRefreshGifHeader.m in Sources */ = {isa = PBXBuildFile; fileRef = A200CC2F20AE7D45005422FA /* MJRefreshGifHeader.m */; };
		A200CC4A20AE7D45005422FA /* MJRefreshFooter.m in Sources */ = {isa = PBXBuildFile; fileRef = A200CC3120AE7D45005422FA /* MJRefreshFooter.m */; };
		A200CC4B20AE7D45005422FA /* MJRefreshHeader.m in Sources */ = {isa = PBXBuildFile; fileRef = A200CC3320AE7D45005422FA /* MJRefreshHeader.m */; };
		A200CC4C20AE7D45005422FA /* MJRefreshBackFooter.m in Sources */ = {isa = PBXBuildFile; fileRef = A200CC3520AE7D45005422FA /* MJRefreshBackFooter.m */; };
		A200CC4D20AE7D45005422FA /* MJRefreshAutoFooter.m in Sources */ = {isa = PBXBuildFile; fileRef = A200CC3620AE7D45005422FA /* MJRefreshAutoFooter.m */; };
		A200CC4E20AE7D45005422FA /* MJRefreshComponent.m in Sources */ = {isa = PBXBuildFile; fileRef = A200CC3820AE7D45005422FA /* MJRefreshComponent.m */; };
		A206DB4120A996A100CDF08C /* AppDelegate.m in Sources */ = {isa = PBXBuildFile; fileRef = A206DB4020A996A100CDF08C /* AppDelegate.m */; };
		A206DB4420A996A100CDF08C /* ViewController.m in Sources */ = {isa = PBXBuildFile; fileRef = A206DB4320A996A100CDF08C /* ViewController.m */; };
		A206DB4720A996A100CDF08C /* Main.storyboard in Resources */ = {isa = PBXBuildFile; fileRef = A206DB4520A996A100CDF08C /* Main.storyboard */; };
		A206DB4920A996A100CDF08C /* Assets.xcassets in Resources */ = {isa = PBXBuildFile; fileRef = A206DB4820A996A100CDF08C /* Assets.xcassets */; };
		A206DB4C20A996A100CDF08C /* LaunchScreen.storyboard in Resources */ = {isa = PBXBuildFile; fileRef = A206DB4A20A996A100CDF08C /* LaunchScreen.storyboard */; };
		A206DB4F20A996A100CDF08C /* main.m in Sources */ = {isa = PBXBuildFile; fileRef = A206DB4E20A996A100CDF08C /* main.m */; };
		A206DB7420AAE77000CDF08C /* NSLayoutConstraint+MASDebugAdditions.m in Sources */ = {isa = PBXBuildFile; fileRef = A206DB5B20AAE76F00CDF08C /* NSLayoutConstraint+MASDebugAdditions.m */; };
		A206DB7520AAE77000CDF08C /* ViewController+MASAdditions.m in Sources */ = {isa = PBXBuildFile; fileRef = A206DB6420AAE76F00CDF08C /* ViewController+MASAdditions.m */; };
		A206DB7620AAE77000CDF08C /* MASCompositeConstraint.m in Sources */ = {isa = PBXBuildFile; fileRef = A206DB6820AAE76F00CDF08C /* MASCompositeConstraint.m */; };
		A206DB7720AAE77000CDF08C /* MASConstraintMaker.m in Sources */ = {isa = PBXBuildFile; fileRef = A206DB6920AAE76F00CDF08C /* MASConstraintMaker.m */; };
		A206DB7820AAE77000CDF08C /* MASLayoutConstraint.m in Sources */ = {isa = PBXBuildFile; fileRef = A206DB6A20AAE76F00CDF08C /* MASLayoutConstraint.m */; };
		A206DB7920AAE77000CDF08C /* NSArray+MASAdditions.m in Sources */ = {isa = PBXBuildFile; fileRef = A206DB6B20AAE76F00CDF08C /* NSArray+MASAdditions.m */; };
		A206DB7A20AAE77000CDF08C /* View+MASAdditions.m in Sources */ = {isa = PBXBuildFile; fileRef = A206DB6C20AAE76F00CDF08C /* View+MASAdditions.m */; };
		A206DB7B20AAE77000CDF08C /* MASConstraint.m in Sources */ = {isa = PBXBuildFile; fileRef = A206DB6F20AAE76F00CDF08C /* MASConstraint.m */; };
		A206DB7C20AAE77000CDF08C /* MASViewConstraint.m in Sources */ = {isa = PBXBuildFile; fileRef = A206DB7120AAE76F00CDF08C /* MASViewConstraint.m */; };
		A206DB7D20AAE77000CDF08C /* MASViewAttribute.m in Sources */ = {isa = PBXBuildFile; fileRef = A206DB7220AAE76F00CDF08C /* MASViewAttribute.m */; };
		A206DB7E20AAE77000CDF08C /* Info.plist in Resources */ = {isa = PBXBuildFile; fileRef = A206DB7320AAE76F00CDF08C /* Info.plist */; };
		A24A5D4820ABCDED00C49064 /* WWFileOperation.m in Sources */ = {isa = PBXBuildFile; fileRef = A24A5D3020ABCDED00C49064 /* WWFileOperation.m */; };
		A24A5D4A20ABCDED00C49064 /* UIView+Addition.m in Sources */ = {isa = PBXBuildFile; fileRef = A24A5D3320ABCDED00C49064 /* UIView+Addition.m */; };
		A24A5D4B20ABCDED00C49064 /* WWUI.m in Sources */ = {isa = PBXBuildFile; fileRef = A24A5D3420ABCDED00C49064 /* WWUI.m */; };
		A24A5D4C20ABCDED00C49064 /* TImeChange.m in Sources */ = {isa = PBXBuildFile; fileRef = A24A5D3820ABCDED00C49064 /* TImeChange.m */; };
		A24A5D4D20ABCDED00C49064 /* UILabel+ExtraWidth.m in Sources */ = {isa = PBXBuildFile; fileRef = A24A5D3B20ABCDED00C49064 /* UILabel+ExtraWidth.m */; };
		A24A5D4E20ABCDED00C49064 /* UITextField+ExtenRange.m in Sources */ = {isa = PBXBuildFile; fileRef = A24A5D3F20ABCDED00C49064 /* UITextField+ExtenRange.m */; };
		A24A5D5020ABCDED00C49064 /* CheckTool.m in Sources */ = {isa = PBXBuildFile; fileRef = A24A5D4420ABCDED00C49064 /* CheckTool.m */; };
		A24A5D5120ABCDED00C49064 /* UIImage+WWaddtion.m in Sources */ = {isa = PBXBuildFile; fileRef = A24A5D4520ABCDED00C49064 /* UIImage+WWaddtion.m */; };
		A24A5D5220ABCDED00C49064 /* NSString+addtion.m in Sources */ = {isa = PBXBuildFile; fileRef = A24A5D4620ABCDED00C49064 /* NSString+addtion.m */; };
		A24A5D5620ABCF2B00C49064 /* UIKit.framework in Frameworks */ = {isa = PBXBuildFile; fileRef = A24A5D5520ABCF2B00C49064 /* UIKit.framework */; };
		A25343F120B6556700D5A100 /* UIViewController+Addtion.m in Sources */ = {isa = PBXBuildFile; fileRef = A25343F020B6556700D5A100 /* UIViewController+Addtion.m */; };
		A25343F820B65F0100D5A100 /* WWTableVGroupsControllerViewController.m in Sources */ = {isa = PBXBuildFile; fileRef = A25343F520B65F0100D5A100 /* WWTableVGroupsControllerViewController.m */; };
		A25343FB20B6622200D5A100 /* webV.m in Sources */ = {isa = PBXBuildFile; fileRef = A25343F920B6622200D5A100 /* webV.m */; };
		A25343FE20B6624B00D5A100 /* ChildVC.m in Sources */ = {isa = PBXBuildFile; fileRef = A25343FD20B6624B00D5A100 /* ChildVC.m */; };
/* End PBXBuildFile section */

/* Begin PBXFileReference section */
		A200CC0D20AE7D45005422FA /* UIScrollView+MJRefresh.m */ = {isa = PBXFileReference; fileEncoding = 4; lastKnownFileType = sourcecode.c.objc; path = "UIScrollView+MJRefresh.m"; sourceTree = "<group>"; };
		A200CC0E20AE7D45005422FA /* MJRefreshConst.m */ = {isa = PBXFileReference; fileEncoding = 4; lastKnownFileType = sourcecode.c.objc; path = MJRefreshConst.m; sourceTree = "<group>"; };
		A200CC0F20AE7D45005422FA /* UIScrollView+MJExtension.h */ = {isa = PBXFileReference; fileEncoding = 4; lastKnownFileType = sourcecode.c.h; path = "UIScrollView+MJExtension.h"; sourceTree = "<group>"; };
		A200CC1020AE7D45005422FA /* MJRefresh.h */ = {isa = PBXFileReference; fileEncoding = 4; lastKnownFileType = sourcecode.c.h; path = MJRefresh.h; sourceTree = "<group>"; };
		A200CC1120AE7D45005422FA /* NSBundle+MJRefresh.h */ = {isa = PBXFileReference; fileEncoding = 4; lastKnownFileType = sourcecode.c.h; path = "NSBundle+MJRefresh.h"; sourceTree = "<group>"; };
		A200CC1220AE7D45005422FA /* MJRefresh.bundle */ = {isa = PBXFileReference; lastKnownFileType = "wrapper.plug-in"; path = MJRefresh.bundle; sourceTree = "<group>"; };
		A200CC1320AE7D45005422FA /* UIView+MJExtension.h */ = {isa = PBXFileReference; fileEncoding = 4; lastKnownFileType = sourcecode.c.h; path = "UIView+MJExtension.h"; sourceTree = "<group>"; };
		A200CC1420AE7D45005422FA /* UIScrollView+MJExtension.m */ = {isa = PBXFileReference; fileEncoding = 4; lastKnownFileType = sourcecode.c.objc; path = "UIScrollView+MJExtension.m"; sourceTree = "<group>"; };
		A200CC1520AE7D45005422FA /* MJRefreshConst.h */ = {isa = PBXFileReference; fileEncoding = 4; lastKnownFileType = sourcecode.c.h; path = MJRefreshConst.h; sourceTree = "<group>"; };
		A200CC1620AE7D45005422FA /* UIScrollView+MJRefresh.h */ = {isa = PBXFileReference; fileEncoding = 4; lastKnownFileType = sourcecode.c.h; path = "UIScrollView+MJRefresh.h"; sourceTree = "<group>"; };
		A200CC1720AE7D45005422FA /* NSBundle+MJRefresh.m */ = {isa = PBXFileReference; fileEncoding = 4; lastKnownFileType = sourcecode.c.objc; path = "NSBundle+MJRefresh.m"; sourceTree = "<group>"; };
		A200CC1820AE7D45005422FA /* UIView+MJExtension.m */ = {isa = PBXFileReference; fileEncoding = 4; lastKnownFileType = sourcecode.c.objc; path = "UIView+MJExtension.m"; sourceTree = "<group>"; };
		A200CC1C20AE7D45005422FA /* MJRefreshBackGifFooter.h */ = {isa = PBXFileReference; fileEncoding = 4; lastKnownFileType = sourcecode.c.h; path = MJRefreshBackGifFooter.h; sourceTree = "<group>"; };
		A200CC1D20AE7D45005422FA /* MJRefreshBackStateFooter.h */ = {isa = PBXFileReference; fileEncoding = 4; lastKnownFileType = sourcecode.c.h; path = MJRefreshBackStateFooter.h; sourceTree = "<group>"; };
		A200CC1E20AE7D45005422FA /* MJRefreshBackNormalFooter.h */ = {isa = PBXFileReference; fileEncoding = 4; lastKnownFileType = sourcecode.c.h; path = MJRefreshBackNormalFooter.h; sourceTree = "<group>"; };
		A200CC1F20AE7D45005422FA /* MJRefreshBackGifFooter.m */ = {isa = PBXFileReference; fileEncoding = 4; lastKnownFileType = sourcecode.c.objc; path = MJRefreshBackGifFooter.m; sourceTree = "<group>"; };
		A200CC2020AE7D45005422FA /* MJRefreshBackStateFooter.m */ = {isa = PBXFileReference; fileEncoding = 4; lastKnownFileType = sourcecode.c.objc; path = MJRefreshBackStateFooter.m; sourceTree = "<group>"; };
		A200CC2120AE7D45005422FA /* MJRefreshBackNormalFooter.m */ = {isa = PBXFileReference; fileEncoding = 4; lastKnownFileType = sourcecode.c.objc; path = MJRefreshBackNormalFooter.m; sourceTree = "<group>"; };
		A200CC2320AE7D45005422FA /* MJRefreshAutoStateFooter.h */ = {isa = PBXFileReference; fileEncoding = 4; lastKnownFileType = sourcecode.c.h; path = MJRefreshAutoStateFooter.h; sourceTree = "<group>"; };
		A200CC2420AE7D45005422FA /* MJRefreshAutoNormalFooter.h */ = {isa = PBXFileReference; fileEncoding = 4; lastKnownFileType = sourcecode.c.h; path = MJRefreshAutoNormalFooter.h; sourceTree = "<group>"; };
		A200CC2520AE7D45005422FA /* MJRefreshAutoGifFooter.h */ = {isa = PBXFileReference; fileEncoding = 4; lastKnownFileType = sourcecode.c.h; path = MJRefreshAutoGifFooter.h; sourceTree = "<group>"; };
		A200CC2620AE7D45005422FA /* MJRefreshAutoStateFooter.m */ = {isa = PBXFileReference; fileEncoding = 4; lastKnownFileType = sourcecode.c.objc; path = MJRefreshAutoStateFooter.m; sourceTree = "<group>"; };
		A200CC2720AE7D45005422FA /* MJRefreshAutoGifFooter.m */ = {isa = PBXFileReference; fileEncoding = 4; lastKnownFileType = sourcecode.c.objc; path = MJRefreshAutoGifFooter.m; sourceTree = "<group>"; };
		A200CC2820AE7D45005422FA /* MJRefreshAutoNormalFooter.m */ = {isa = PBXFileReference; fileEncoding = 4; lastKnownFileType = sourcecode.c.objc; path = MJRefreshAutoNormalFooter.m; sourceTree = "<group>"; };
		A200CC2A20AE7D45005422FA /* MJRefreshNormalHeader.m */ = {isa = PBXFileReference; fileEncoding = 4; lastKnownFileType = sourcecode.c.objc; path = MJRefreshNormalHeader.m; sourceTree = "<group>"; };
		A200CC2B20AE7D45005422FA /* MJRefreshStateHeader.h */ = {isa = PBXFileReference; fileEncoding = 4; lastKnownFileType = sourcecode.c.h; path = MJRefreshStateHeader.h; sourceTree = "<group>"; };
		A200CC2C20AE7D45005422FA /* MJRefreshGifHeader.h */ = {isa = PBXFileReference; fileEncoding = 4; lastKnownFileType = sourcecode.c.h; path = MJRefreshGifHeader.h; sourceTree = "<group>"; };
		A200CC2D20AE7D45005422FA /* MJRefreshNormalHeader.h */ = {isa = PBXFileReference; fileEncoding = 4; lastKnownFileType = sourcecode.c.h; path = MJRefreshNormalHeader.h; sourceTree = "<group>"; };
		A200CC2E20AE7D45005422FA /* MJRefreshStateHeader.m */ = {isa = PBXFileReference; fileEncoding = 4; lastKnownFileType = sourcecode.c.objc; path = MJRefreshStateHeader.m; sourceTree = "<group>"; };
		A200CC2F20AE7D45005422FA /* MJRefreshGifHeader.m */ = {isa = PBXFileReference; fileEncoding = 4; lastKnownFileType = sourcecode.c.objc; path = MJRefreshGifHeader.m; sourceTree = "<group>"; };
		A200CC3120AE7D45005422FA /* MJRefreshFooter.m */ = {isa = PBXFileReference; fileEncoding = 4; lastKnownFileType = sourcecode.c.objc; path = MJRefreshFooter.m; sourceTree = "<group>"; };
		A200CC3220AE7D45005422FA /* MJRefreshComponent.h */ = {isa = PBXFileReference; fileEncoding = 4; lastKnownFileType = sourcecode.c.h; path = MJRefreshComponent.h; sourceTree = "<group>"; };
		A200CC3320AE7D45005422FA /* MJRefreshHeader.m */ = {isa = PBXFileReference; fileEncoding = 4; lastKnownFileType = sourcecode.c.objc; path = MJRefreshHeader.m; sourceTree = "<group>"; };
		A200CC3420AE7D45005422FA /* MJRefreshAutoFooter.h */ = {isa = PBXFileReference; fileEncoding = 4; lastKnownFileType = sourcecode.c.h; path = MJRefreshAutoFooter.h; sourceTree = "<group>"; };
		A200CC3520AE7D45005422FA /* MJRefreshBackFooter.m */ = {isa = PBXFileReference; fileEncoding = 4; lastKnownFileType = sourcecode.c.objc; path = MJRefreshBackFooter.m; sourceTree = "<group>"; };
		A200CC3620AE7D45005422FA /* MJRefreshAutoFooter.m */ = {isa = PBXFileReference; fileEncoding = 4; lastKnownFileType = sourcecode.c.objc; path = MJRefreshAutoFooter.m; sourceTree = "<group>"; };
		A200CC3720AE7D45005422FA /* MJRefreshHeader.h */ = {isa = PBXFileReference; fileEncoding = 4; lastKnownFileType = sourcecode.c.h; path = MJRefreshHeader.h; sourceTree = "<group>"; };
		A200CC3820AE7D45005422FA /* MJRefreshComponent.m */ = {isa = PBXFileReference; fileEncoding = 4; lastKnownFileType = sourcecode.c.objc; path = MJRefreshComponent.m; sourceTree = "<group>"; };
		A200CC3920AE7D45005422FA /* MJRefreshFooter.h */ = {isa = PBXFileReference; fileEncoding = 4; lastKnownFileType = sourcecode.c.h; path = MJRefreshFooter.h; sourceTree = "<group>"; };
		A200CC3A20AE7D45005422FA /* MJRefreshBackFooter.h */ = {isa = PBXFileReference; fileEncoding = 4; lastKnownFileType = sourcecode.c.h; path = MJRefreshBackFooter.h; sourceTree = "<group>"; };
		A206DB3C20A996A100CDF08C /* demo——5.14.app */ = {isa = PBXFileReference; explicitFileType = wrapper.application; includeInIndex = 0; path = "demo——5.14.app"; sourceTree = BUILT_PRODUCTS_DIR; };
		A206DB3F20A996A100CDF08C /* AppDelegate.h */ = {isa = PBXFileReference; lastKnownFileType = sourcecode.c.h; path = AppDelegate.h; sourceTree = "<group>"; };
		A206DB4020A996A100CDF08C /* AppDelegate.m */ = {isa = PBXFileReference; lastKnownFileType = sourcecode.c.objc; path = AppDelegate.m; sourceTree = "<group>"; };
		A206DB4220A996A100CDF08C /* ViewController.h */ = {isa = PBXFileReference; lastKnownFileType = sourcecode.c.h; path = ViewController.h; sourceTree = "<group>"; };
		A206DB4320A996A100CDF08C /* ViewController.m */ = {isa = PBXFileReference; lastKnownFileType = sourcecode.c.objc; path = ViewController.m; sourceTree = "<group>"; };
		A206DB4620A996A100CDF08C /* Base */ = {isa = PBXFileReference; lastKnownFileType = file.storyboard; name = Base; path = Base.lproj/Main.storyboard; sourceTree = "<group>"; };
		A206DB4820A996A100CDF08C /* Assets.xcassets */ = {isa = PBXFileReference; lastKnownFileType = folder.assetcatalog; path = Assets.xcassets; sourceTree = "<group>"; };
		A206DB4B20A996A100CDF08C /* Base */ = {isa = PBXFileReference; lastKnownFileType = file.storyboard; name = Base; path = Base.lproj/LaunchScreen.storyboard; sourceTree = "<group>"; };
		A206DB4D20A996A100CDF08C /* Info.plist */ = {isa = PBXFileReference; lastKnownFileType = text.plist.xml; path = Info.plist; sourceTree = "<group>"; };
		A206DB4E20A996A100CDF08C /* main.m */ = {isa = PBXFileReference; lastKnownFileType = sourcecode.c.objc; path = main.m; sourceTree = "<group>"; };
		A206DB5A20AAE76F00CDF08C /* MASCompositeConstraint.h */ = {isa = PBXFileReference; fileEncoding = 4; lastKnownFileType = sourcecode.c.h; path = MASCompositeConstraint.h; sourceTree = "<group>"; };
		A206DB5B20AAE76F00CDF08C /* NSLayoutConstraint+MASDebugAdditions.m */ = {isa = PBXFileReference; fileEncoding = 4; lastKnownFileType = sourcecode.c.objc; path = "NSLayoutConstraint+MASDebugAdditions.m"; sourceTree = "<group>"; };
		A206DB5C20AAE76F00CDF08C /* MASConstraint+Private.h */ = {isa = PBXFileReference; fileEncoding = 4; lastKnownFileType = sourcecode.c.h; path = "MASConstraint+Private.h"; sourceTree = "<group>"; };
		A206DB5D20AAE76F00CDF08C /* MASLayoutConstraint.h */ = {isa = PBXFileReference; fileEncoding = 4; lastKnownFileType = sourcecode.c.h; path = MASLayoutConstraint.h; sourceTree = "<group>"; };
		A206DB5E20AAE76F00CDF08C /* NSArray+MASShorthandAdditions.h */ = {isa = PBXFileReference; fileEncoding = 4; lastKnownFileType = sourcecode.c.h; path = "NSArray+MASShorthandAdditions.h"; sourceTree = "<group>"; };
		A206DB5F20AAE76F00CDF08C /* MASConstraintMaker.h */ = {isa = PBXFileReference; fileEncoding = 4; lastKnownFileType = sourcecode.c.h; path = MASConstraintMaker.h; sourceTree = "<group>"; };
		A206DB6020AAE76F00CDF08C /* View+MASAdditions.h */ = {isa = PBXFileReference; fileEncoding = 4; lastKnownFileType = sourcecode.c.h; path = "View+MASAdditions.h"; sourceTree = "<group>"; };
		A206DB6120AAE76F00CDF08C /* NSArray+MASAdditions.h */ = {isa = PBXFileReference; fileEncoding = 4; lastKnownFileType = sourcecode.c.h; path = "NSArray+MASAdditions.h"; sourceTree = "<group>"; };
		A206DB6220AAE76F00CDF08C /* MASUtilities.h */ = {isa = PBXFileReference; fileEncoding = 4; lastKnownFileType = sourcecode.c.h; path = MASUtilities.h; sourceTree = "<group>"; };
		A206DB6320AAE76F00CDF08C /* MASViewAttribute.h */ = {isa = PBXFileReference; fileEncoding = 4; lastKnownFileType = sourcecode.c.h; path = MASViewAttribute.h; sourceTree = "<group>"; };
		A206DB6420AAE76F00CDF08C /* ViewController+MASAdditions.m */ = {isa = PBXFileReference; fileEncoding = 4; lastKnownFileType = sourcecode.c.objc; path = "ViewController+MASAdditions.m"; sourceTree = "<group>"; };
		A206DB6520AAE76F00CDF08C /* MASViewConstraint.h */ = {isa = PBXFileReference; fileEncoding = 4; lastKnownFileType = sourcecode.c.h; path = MASViewConstraint.h; sourceTree = "<group>"; };
		A206DB6620AAE76F00CDF08C /* MASConstraint.h */ = {isa = PBXFileReference; fileEncoding = 4; lastKnownFileType = sourcecode.c.h; path = MASConstraint.h; sourceTree = "<group>"; };
		A206DB6720AAE76F00CDF08C /* NSLayoutConstraint+MASDebugAdditions.h */ = {isa = PBXFileReference; fileEncoding = 4; lastKnownFileType = sourcecode.c.h; path = "NSLayoutConstraint+MASDebugAdditions.h"; sourceTree = "<group>"; };
		A206DB6820AAE76F00CDF08C /* MASCompositeConstraint.m */ = {isa = PBXFileReference; fileEncoding = 4; lastKnownFileType = sourcecode.c.objc; path = MASCompositeConstraint.m; sourceTree = "<group>"; };
		A206DB6920AAE76F00CDF08C /* MASConstraintMaker.m */ = {isa = PBXFileReference; fileEncoding = 4; lastKnownFileType = sourcecode.c.objc; path = MASConstraintMaker.m; sourceTree = "<group>"; };
		A206DB6A20AAE76F00CDF08C /* MASLayoutConstraint.m */ = {isa = PBXFileReference; fileEncoding = 4; lastKnownFileType = sourcecode.c.objc; path = MASLayoutConstraint.m; sourceTree = "<group>"; };
		A206DB6B20AAE76F00CDF08C /* NSArray+MASAdditions.m */ = {isa = PBXFileReference; fileEncoding = 4; lastKnownFileType = sourcecode.c.objc; path = "NSArray+MASAdditions.m"; sourceTree = "<group>"; };
		A206DB6C20AAE76F00CDF08C /* View+MASAdditions.m */ = {isa = PBXFileReference; fileEncoding = 4; lastKnownFileType = sourcecode.c.objc; path = "View+MASAdditions.m"; sourceTree = "<group>"; };
		A206DB6D20AAE76F00CDF08C /* View+MASShorthandAdditions.h */ = {isa = PBXFileReference; fileEncoding = 4; lastKnownFileType = sourcecode.c.h; path = "View+MASShorthandAdditions.h"; sourceTree = "<group>"; };
		A206DB6E20AAE76F00CDF08C /* Masonry.h */ = {isa = PBXFileReference; fileEncoding = 4; lastKnownFileType = sourcecode.c.h; path = Masonry.h; sourceTree = "<group>"; };
		A206DB6F20AAE76F00CDF08C /* MASConstraint.m */ = {isa = PBXFileReference; fileEncoding = 4; lastKnownFileType = sourcecode.c.objc; path = MASConstraint.m; sourceTree = "<group>"; };
		A206DB7020AAE76F00CDF08C /* ViewController+MASAdditions.h */ = {isa = PBXFileReference; fileEncoding = 4; lastKnownFileType = sourcecode.c.h; path = "ViewController+MASAdditions.h"; sourceTree = "<group>"; };
		A206DB7120AAE76F00CDF08C /* MASViewConstraint.m */ = {isa = PBXFileReference; fileEncoding = 4; lastKnownFileType = sourcecode.c.objc; path = MASViewConstraint.m; sourceTree = "<group>"; };
		A206DB7220AAE76F00CDF08C /* MASViewAttribute.m */ = {isa = PBXFileReference; fileEncoding = 4; lastKnownFileType = sourcecode.c.objc; path = MASViewAttribute.m; sourceTree = "<group>"; };
		A206DB7320AAE76F00CDF08C /* Info.plist */ = {isa = PBXFileReference; fileEncoding = 4; lastKnownFileType = text.plist.xml; path = Info.plist; sourceTree = "<group>"; };
		A24A5D2F20ABCDED00C49064 /* UITextField+ExtenRange.h */ = {isa = PBXFileReference; fileEncoding = 4; lastKnownFileType = sourcecode.c.h; path = "UITextField+ExtenRange.h"; sourceTree = "<group>"; };
		A24A5D3020ABCDED00C49064 /* WWFileOperation.m */ = {isa = PBXFileReference; fileEncoding = 4; lastKnownFileType = sourcecode.c.objc; path = WWFileOperation.m; sourceTree = "<group>"; };
		A24A5D3220ABCDED00C49064 /* UILabel+ExtraWidth.h */ = {isa = PBXFileReference; fileEncoding = 4; lastKnownFileType = sourcecode.c.h; path = "UILabel+ExtraWidth.h"; sourceTree = "<group>"; };
		A24A5D3320ABCDED00C49064 /* UIView+Addition.m */ = {isa = PBXFileReference; fileEncoding = 4; lastKnownFileType = sourcecode.c.objc; path = "UIView+Addition.m"; sourceTree = "<group>"; };
		A24A5D3420ABCDED00C49064 /* WWUI.m */ = {isa = PBXFileReference; fileEncoding = 4; lastKnownFileType = sourcecode.c.objc; path = WWUI.m; sourceTree = "<group>"; };
		A24A5D3620ABCDED00C49064 /* UIImage+WWaddtion.h */ = {isa = PBXFileReference; fileEncoding = 4; lastKnownFileType = sourcecode.c.h; path = "UIImage+WWaddtion.h"; sourceTree = "<group>"; };
		A24A5D3720ABCDED00C49064 /* CheckTool.h */ = {isa = PBXFileReference; fileEncoding = 4; lastKnownFileType = sourcecode.c.h; path = CheckTool.h; sourceTree = "<group>"; };
		A24A5D3820ABCDED00C49064 /* TImeChange.m */ = {isa = PBXFileReference; fileEncoding = 4; lastKnownFileType = sourcecode.c.objc; path = TImeChange.m; sourceTree = "<group>"; };
		A24A5D3A20ABCDED00C49064 /* NSString+addtion.h */ = {isa = PBXFileReference; fileEncoding = 4; lastKnownFileType = sourcecode.c.h; path = "NSString+addtion.h"; sourceTree = "<group>"; };
		A24A5D3B20ABCDED00C49064 /* UILabel+ExtraWidth.m */ = {isa = PBXFileReference; fileEncoding = 4; lastKnownFileType = sourcecode.c.objc; path = "UILabel+ExtraWidth.m"; sourceTree = "<group>"; };
		A24A5D3D20ABCDED00C49064 /* WWHeader.h */ = {isa = PBXFileReference; fileEncoding = 4; lastKnownFileType = sourcecode.c.h; path = WWHeader.h; sourceTree = "<group>"; };
		A24A5D3E20ABCDED00C49064 /* WWFileOperation.h */ = {isa = PBXFileReference; fileEncoding = 4; lastKnownFileType = sourcecode.c.h; path = WWFileOperation.h; sourceTree = "<group>"; };
		A24A5D3F20ABCDED00C49064 /* UITextField+ExtenRange.m */ = {isa = PBXFileReference; fileEncoding = 4; lastKnownFileType = sourcecode.c.objc; path = "UITextField+ExtenRange.m"; sourceTree = "<group>"; };
		A24A5D4120ABCDED00C49064 /* WWUI.h */ = {isa = PBXFileReference; fileEncoding = 4; lastKnownFileType = sourcecode.c.h; path = WWUI.h; sourceTree = "<group>"; };
		A24A5D4220ABCDED00C49064 /* UIView+Addition.h */ = {isa = PBXFileReference; fileEncoding = 4; lastKnownFileType = sourcecode.c.h; path = "UIView+Addition.h"; sourceTree = "<group>"; };
		A24A5D4320ABCDED00C49064 /* TImeChange.h */ = {isa = PBXFileReference; fileEncoding = 4; lastKnownFileType = sourcecode.c.h; path = TImeChange.h; sourceTree = "<group>"; };
		A24A5D4420ABCDED00C49064 /* CheckTool.m */ = {isa = PBXFileReference; fileEncoding = 4; lastKnownFileType = sourcecode.c.objc; path = CheckTool.m; sourceTree = "<group>"; };
		A24A5D4520ABCDED00C49064 /* UIImage+WWaddtion.m */ = {isa = PBXFileReference; fileEncoding = 4; lastKnownFileType = sourcecode.c.objc; path = "UIImage+WWaddtion.m"; sourceTree = "<group>"; };
		A24A5D4620ABCDED00C49064 /* NSString+addtion.m */ = {isa = PBXFileReference; fileEncoding = 4; lastKnownFileType = sourcecode.c.objc; path = "NSString+addtion.m"; sourceTree = "<group>"; };
		A24A5D5520ABCF2B00C49064 /* UIKit.framework */ = {isa = PBXFileReference; lastKnownFileType = wrapper.framework; name = UIKit.framework; path = System/Library/Frameworks/UIKit.framework; sourceTree = SDKROOT; };
		A25343EF20B6556700D5A100 /* UIViewController+Addtion.h */ = {isa = PBXFileReference; lastKnownFileType = sourcecode.c.h; path = "UIViewController+Addtion.h"; sourceTree = "<group>"; };
		A25343F020B6556700D5A100 /* UIViewController+Addtion.m */ = {isa = PBXFileReference; lastKnownFileType = sourcecode.c.objc; path = "UIViewController+Addtion.m"; sourceTree = "<group>"; };
		A25343F420B65F0100D5A100 /* WWTableVGroupsControllerViewController.h */ = {isa = PBXFileReference; fileEncoding = 4; lastKnownFileType = sourcecode.c.h; path = WWTableVGroupsControllerViewController.h; sourceTree = "<group>"; };
		A25343F520B65F0100D5A100 /* WWTableVGroupsControllerViewController.m */ = {isa = PBXFileReference; fileEncoding = 4; lastKnownFileType = sourcecode.c.objc; path = WWTableVGroupsControllerViewController.m; sourceTree = "<group>"; };
		A25343F920B6622200D5A100 /* webV.m */ = {isa = PBXFileReference; fileEncoding = 4; lastKnownFileType = sourcecode.c.objc; path = webV.m; sourceTree = "<group>"; };
		A25343FA20B6622200D5A100 /* webV.h */ = {isa = PBXFileReference; fileEncoding = 4; lastKnownFileType = sourcecode.c.h; path = webV.h; sourceTree = "<group>"; };
		A25343FC20B6624B00D5A100 /* ChildVC.h */ = {isa = PBXFileReference; fileEncoding = 4; lastKnownFileType = sourcecode.c.h; path = ChildVC.h; sourceTree = "<group>"; };
		A25343FD20B6624B00D5A100 /* ChildVC.m */ = {isa = PBXFileReference; fileEncoding = 4; lastKnownFileType = sourcecode.c.objc; path = ChildVC.m; sourceTree = "<group>"; };
/* End PBXFileReference section */

/* Begin PBXFrameworksBuildPhase section */
		A206DB3920A996A100CDF08C /* Frameworks */ = {
			isa = PBXFrameworksBuildPhase;
			buildActionMask = 2147483647;
			files = (
				A24A5D5620ABCF2B00C49064 /* UIKit.framework in Frameworks */,
			);
			runOnlyForDeploymentPostprocessing = 0;
		};
/* End PBXFrameworksBuildPhase section */

/* Begin PBXGroup section */
		A200CC0C20AE7D45005422FA /* MJRefresh */ = {
			isa = PBXGroup;
			children = (
				A200CC0D20AE7D45005422FA /* UIScrollView+MJRefresh.m */,
				A200CC0E20AE7D45005422FA /* MJRefreshConst.m */,
				A200CC0F20AE7D45005422FA /* UIScrollView+MJExtension.h */,
				A200CC1020AE7D45005422FA /* MJRefresh.h */,
				A200CC1120AE7D45005422FA /* NSBundle+MJRefresh.h */,
				A200CC1220AE7D45005422FA /* MJRefresh.bundle */,
				A200CC1320AE7D45005422FA /* UIView+MJExtension.h */,
				A200CC1420AE7D45005422FA /* UIScrollView+MJExtension.m */,
				A200CC1520AE7D45005422FA /* MJRefreshConst.h */,
				A200CC1620AE7D45005422FA /* UIScrollView+MJRefresh.h */,
				A200CC1720AE7D45005422FA /* NSBundle+MJRefresh.m */,
				A200CC1820AE7D45005422FA /* UIView+MJExtension.m */,
				A200CC1920AE7D45005422FA /* Custom */,
				A200CC3020AE7D45005422FA /* Base */,
			);
			path = MJRefresh;
			sourceTree = "<group>";
		};
		A200CC1920AE7D45005422FA /* Custom */ = {
			isa = PBXGroup;
			children = (
				A200CC1A20AE7D45005422FA /* Footer */,
				A200CC2920AE7D45005422FA /* Header */,
			);
			path = Custom;
			sourceTree = "<group>";
		};
		A200CC1A20AE7D45005422FA /* Footer */ = {
			isa = PBXGroup;
			children = (
				A200CC1B20AE7D45005422FA /* Back */,
				A200CC2220AE7D45005422FA /* Auto */,
			);
			path = Footer;
			sourceTree = "<group>";
		};
		A200CC1B20AE7D45005422FA /* Back */ = {
			isa = PBXGroup;
			children = (
				A200CC1C20AE7D45005422FA /* MJRefreshBackGifFooter.h */,
				A200CC1D20AE7D45005422FA /* MJRefreshBackStateFooter.h */,
				A200CC1E20AE7D45005422FA /* MJRefreshBackNormalFooter.h */,
				A200CC1F20AE7D45005422FA /* MJRefreshBackGifFooter.m */,
				A200CC2020AE7D45005422FA /* MJRefreshBackStateFooter.m */,
				A200CC2120AE7D45005422FA /* MJRefreshBackNormalFooter.m */,
			);
			path = Back;
			sourceTree = "<group>";
		};
		A200CC2220AE7D45005422FA /* Auto */ = {
			isa = PBXGroup;
			children = (
				A200CC2320AE7D45005422FA /* MJRefreshAutoStateFooter.h */,
				A200CC2420AE7D45005422FA /* MJRefreshAutoNormalFooter.h */,
				A200CC2520AE7D45005422FA /* MJRefreshAutoGifFooter.h */,
				A200CC2620AE7D45005422FA /* MJRefreshAutoStateFooter.m */,
				A200CC2720AE7D45005422FA /* MJRefreshAutoGifFooter.m */,
				A200CC2820AE7D45005422FA /* MJRefreshAutoNormalFooter.m */,
			);
			path = Auto;
			sourceTree = "<group>";
		};
		A200CC2920AE7D45005422FA /* Header */ = {
			isa = PBXGroup;
			children = (
				A200CC2A20AE7D45005422FA /* MJRefreshNormalHeader.m */,
				A200CC2B20AE7D45005422FA /* MJRefreshStateHeader.h */,
				A200CC2C20AE7D45005422FA /* MJRefreshGifHeader.h */,
				A200CC2D20AE7D45005422FA /* MJRefreshNormalHeader.h */,
				A200CC2E20AE7D45005422FA /* MJRefreshStateHeader.m */,
				A200CC2F20AE7D45005422FA /* MJRefreshGifHeader.m */,
			);
			path = Header;
			sourceTree = "<group>";
		};
		A200CC3020AE7D45005422FA /* Base */ = {
			isa = PBXGroup;
			children = (
				A200CC3120AE7D45005422FA /* MJRefreshFooter.m */,
				A200CC3220AE7D45005422FA /* MJRefreshComponent.h */,
				A200CC3320AE7D45005422FA /* MJRefreshHeader.m */,
				A200CC3420AE7D45005422FA /* MJRefreshAutoFooter.h */,
				A200CC3520AE7D45005422FA /* MJRefreshBackFooter.m */,
				A200CC3620AE7D45005422FA /* MJRefreshAutoFooter.m */,
				A200CC3720AE7D45005422FA /* MJRefreshHeader.h */,
				A200CC3820AE7D45005422FA /* MJRefreshComponent.m */,
				A200CC3920AE7D45005422FA /* MJRefreshFooter.h */,
				A200CC3A20AE7D45005422FA /* MJRefreshBackFooter.h */,
			);
			path = Base;
			sourceTree = "<group>";
		};
		A206DB3320A996A100CDF08C = {
			isa = PBXGroup;
			children = (
				A206DB3E20A996A100CDF08C /* demo——5.14 */,
				A206DB3D20A996A100CDF08C /* Products */,
				A24A5D5420ABCF2B00C49064 /* Frameworks */,
			);
			sourceTree = "<group>";
		};
		A206DB3D20A996A100CDF08C /* Products */ = {
			isa = PBXGroup;
			children = (
				A206DB3C20A996A100CDF08C /* demo——5.14.app */,
			);
			name = Products;
			sourceTree = "<group>";
		};
		A206DB3E20A996A100CDF08C /* demo——5.14 */ = {
			isa = PBXGroup;
			children = (
				A25343F220B65F0100D5A100 /* WWTableViewGrop */,
				A25343EE20B6554700D5A100 /* category */,
				A200CC0C20AE7D45005422FA /* MJRefresh */,
				A24A5D2E20ABCDED00C49064 /* WWTool */,
				A206DB5920AAE76F00CDF08C /* Masonry */,
				A206DB5520AAD9FC00CDF08C /* vc */,
				A206DB3F20A996A100CDF08C /* AppDelegate.h */,
				A206DB4020A996A100CDF08C /* AppDelegate.m */,
				A206DB4520A996A100CDF08C /* Main.storyboard */,
				A206DB4820A996A100CDF08C /* Assets.xcassets */,
				A206DB4A20A996A100CDF08C /* LaunchScreen.storyboard */,
				A206DB4D20A996A100CDF08C /* Info.plist */,
				A206DB4E20A996A100CDF08C /* main.m */,
			);
			path = "demo——5.14";
			sourceTree = "<group>";
		};
		A206DB5520AAD9FC00CDF08C /* vc */ = {
			isa = PBXGroup;
			children = (
				A25343FC20B6624B00D5A100 /* ChildVC.h */,
				A25343FD20B6624B00D5A100 /* ChildVC.m */,
				A25343FA20B6622200D5A100 /* webV.h */,
				A25343F920B6622200D5A100 /* webV.m */,
				A206DB4220A996A100CDF08C /* ViewController.h */,
				A206DB4320A996A100CDF08C /* ViewController.m */,
			);
			path = vc;
			sourceTree = "<group>";
		};
		A206DB5920AAE76F00CDF08C /* Masonry */ = {
			isa = PBXGroup;
			children = (
				A206DB5A20AAE76F00CDF08C /* MASCompositeConstraint.h */,
				A206DB5B20AAE76F00CDF08C /* NSLayoutConstraint+MASDebugAdditions.m */,
				A206DB5C20AAE76F00CDF08C /* MASConstraint+Private.h */,
				A206DB5D20AAE76F00CDF08C /* MASLayoutConstraint.h */,
				A206DB5E20AAE76F00CDF08C /* NSArray+MASShorthandAdditions.h */,
				A206DB5F20AAE76F00CDF08C /* MASConstraintMaker.h */,
				A206DB6020AAE76F00CDF08C /* View+MASAdditions.h */,
				A206DB6120AAE76F00CDF08C /* NSArray+MASAdditions.h */,
				A206DB6220AAE76F00CDF08C /* MASUtilities.h */,
				A206DB6320AAE76F00CDF08C /* MASViewAttribute.h */,
				A206DB6420AAE76F00CDF08C /* ViewController+MASAdditions.m */,
				A206DB6520AAE76F00CDF08C /* MASViewConstraint.h */,
				A206DB6620AAE76F00CDF08C /* MASConstraint.h */,
				A206DB6720AAE76F00CDF08C /* NSLayoutConstraint+MASDebugAdditions.h */,
				A206DB6820AAE76F00CDF08C /* MASCompositeConstraint.m */,
				A206DB6920AAE76F00CDF08C /* MASConstraintMaker.m */,
				A206DB6A20AAE76F00CDF08C /* MASLayoutConstraint.m */,
				A206DB6B20AAE76F00CDF08C /* NSArray+MASAdditions.m */,
				A206DB6C20AAE76F00CDF08C /* View+MASAdditions.m */,
				A206DB6D20AAE76F00CDF08C /* View+MASShorthandAdditions.h */,
				A206DB6E20AAE76F00CDF08C /* Masonry.h */,
				A206DB6F20AAE76F00CDF08C /* MASConstraint.m */,
				A206DB7020AAE76F00CDF08C /* ViewController+MASAdditions.h */,
				A206DB7120AAE76F00CDF08C /* MASViewConstraint.m */,
				A206DB7220AAE76F00CDF08C /* MASViewAttribute.m */,
				A206DB7320AAE76F00CDF08C /* Info.plist */,
			);
			path = Masonry;
			sourceTree = "<group>";
		};
		A24A5D2E20ABCDED00C49064 /* WWTool */ = {
			isa = PBXGroup;
			children = (
				A24A5D3D20ABCDED00C49064 /* WWHeader.h */,
				A24A5D4120ABCDED00C49064 /* WWUI.h */,
				A24A5D3420ABCDED00C49064 /* WWUI.m */,
				A24A5D2F20ABCDED00C49064 /* UITextField+ExtenRange.h */,
				A24A5D3F20ABCDED00C49064 /* UITextField+ExtenRange.m */,
				A24A5D3E20ABCDED00C49064 /* WWFileOperation.h */,
				A24A5D3020ABCDED00C49064 /* WWFileOperation.m */,
				A24A5D3220ABCDED00C49064 /* UILabel+ExtraWidth.h */,
				A24A5D3B20ABCDED00C49064 /* UILabel+ExtraWidth.m */,
				A24A5D4220ABCDED00C49064 /* UIView+Addition.h */,
				A24A5D3320ABCDED00C49064 /* UIView+Addition.m */,
				A24A5D3620ABCDED00C49064 /* UIImage+WWaddtion.h */,
				A24A5D4520ABCDED00C49064 /* UIImage+WWaddtion.m */,
				A24A5D3720ABCDED00C49064 /* CheckTool.h */,
				A24A5D4420ABCDED00C49064 /* CheckTool.m */,
				A24A5D4320ABCDED00C49064 /* TImeChange.h */,
				A24A5D3820ABCDED00C49064 /* TImeChange.m */,
				A24A5D3A20ABCDED00C49064 /* NSString+addtion.h */,
				A24A5D4620ABCDED00C49064 /* NSString+addtion.m */,
			);
			path = WWTool;
			sourceTree = "<group>";
		};
		A24A5D5420ABCF2B00C49064 /* Frameworks */ = {
			isa = PBXGroup;
			children = (
				A24A5D5520ABCF2B00C49064 /* UIKit.framework */,
			);
			name = Frameworks;
			sourceTree = "<group>";
		};
		A25343EE20B6554700D5A100 /* category */ = {
			isa = PBXGroup;
			children = (
				A25343EF20B6556700D5A100 /* UIViewController+Addtion.h */,
				A25343F020B6556700D5A100 /* UIViewController+Addtion.m */,
			);
			path = category;
			sourceTree = "<group>";
		};
		A25343F220B65F0100D5A100 /* WWTableViewGrop */ = {
			isa = PBXGroup;
			children = (
				A25343F420B65F0100D5A100 /* WWTableVGroupsControllerViewController.h */,
				A25343F520B65F0100D5A100 /* WWTableVGroupsControllerViewController.m */,
			);
			path = WWTableViewGrop;
			sourceTree = "<group>";
		};
/* End PBXGroup section */

/* Begin PBXNativeTarget section */
		A206DB3B20A996A100CDF08C /* demo——5.14 */ = {
			isa = PBXNativeTarget;
			buildConfigurationList = A206DB5220A996A100CDF08C /* Build configuration list for PBXNativeTarget "demo——5.14" */;
			buildPhases = (
				A206DB3820A996A100CDF08C /* Sources */,
				A206DB3920A996A100CDF08C /* Frameworks */,
				A206DB3A20A996A100CDF08C /* Resources */,
			);
			buildRules = (
			);
			dependencies = (
			);
			name = "demo——5.14";
			productName = "demo——5.14";
			productReference = A206DB3C20A996A100CDF08C /* demo——5.14.app */;
			productType = "com.apple.product-type.application";
		};
/* End PBXNativeTarget section */

/* Begin PBXProject section */
		A206DB3420A996A100CDF08C /* Project object */ = {
			isa = PBXProject;
			attributes = {
				LastUpgradeCheck = 0920;
				ORGANIZATIONNAME = zkl;
				TargetAttributes = {
					A206DB3B20A996A100CDF08C = {
						CreatedOnToolsVersion = 9.2;
						ProvisioningStyle = Automatic;
					};
				};
			};
			buildConfigurationList = A206DB3720A996A100CDF08C /* Build configuration list for PBXProject "demo——5.14" */;
			compatibilityVersion = "Xcode 8.0";
			developmentRegion = en;
			hasScannedForEncodings = 0;
			knownRegions = (
				en,
				Base,
			);
			mainGroup = A206DB3320A996A100CDF08C;
			productRefGroup = A206DB3D20A996A100CDF08C /* Products */;
			projectDirPath = "";
			projectRoot = "";
			targets = (
				A206DB3B20A996A100CDF08C /* demo——5.14 */,
			);
		};
/* End PBXProject section */

/* Begin PBXResourcesBuildPhase section */
		A206DB3A20A996A100CDF08C /* Resources */ = {
			isa = PBXResourcesBuildPhase;
			buildActionMask = 2147483647;
			files = (
				A206DB7E20AAE77000CDF08C /* Info.plist in Resources */,
				A206DB4C20A996A100CDF08C /* LaunchScreen.storyboard in Resources */,
				A206DB4920A996A100CDF08C /* Assets.xcassets in Resources */,
				A200CC3D20AE7D45005422FA /* MJRefresh.bundle in Resources */,
				A206DB4720A996A100CDF08C /* Main.storyboard in Resources */,
			);
			runOnlyForDeploymentPostprocessing = 0;
		};
/* End PBXResourcesBuildPhase section */

/* Begin PBXSourcesBuildPhase section */
		A206DB3820A996A100CDF08C /* Sources */ = {
			isa = PBXSourcesBuildPhase;
			buildActionMask = 2147483647;
			files = (
				A24A5D4A20ABCDED00C49064 /* UIView+Addition.m in Sources */,
				A206DB7C20AAE77000CDF08C /* MASViewConstraint.m in Sources */,
				A200CC4420AE7D45005422FA /* MJRefreshAutoStateFooter.m in Sources */,
				A24A5D4C20ABCDED00C49064 /* TImeChange.m in Sources */,
				A200CC4820AE7D45005422FA /* MJRefreshStateHeader.m in Sources */,
				A25343FB20B6622200D5A100 /* webV.m in Sources */,
				A24A5D5120ABCDED00C49064 /* UIImage+WWaddtion.m in Sources */,
				A24A5D4E20ABCDED00C49064 /* UITextField+ExtenRange.m in Sources */,
				A200CC3B20AE7D45005422FA /* UIScrollView+MJRefresh.m in Sources */,
				A25343F120B6556700D5A100 /* UIViewController+Addtion.m in Sources */,
				A24A5D5220ABCDED00C49064 /* NSString+addtion.m in Sources */,
				A206DB7D20AAE77000CDF08C /* MASViewAttribute.m in Sources */,
				A200CC4D20AE7D45005422FA /* MJRefreshAutoFooter.m in Sources */,
				A200CC4020AE7D45005422FA /* UIView+MJExtension.m in Sources */,
				A206DB4420A996A100CDF08C /* ViewController.m in Sources */,
				A206DB4F20A996A100CDF08C /* main.m in Sources */,
				A25343FE20B6624B00D5A100 /* ChildVC.m in Sources */,
				A206DB7920AAE77000CDF08C /* NSArray+MASAdditions.m in Sources */,
				A206DB7520AAE77000CDF08C /* ViewController+MASAdditions.m in Sources */,
				A200CC4620AE7D45005422FA /* MJRefreshAutoNormalFooter.m in Sources */,
				A24A5D5020ABCDED00C49064 /* CheckTool.m in Sources */,
				A200CC3F20AE7D45005422FA /* NSBundle+MJRefresh.m in Sources */,
				A200CC4120AE7D45005422FA /* MJRefreshBackGifFooter.m in Sources */,
				A200CC4720AE7D45005422FA /* MJRefreshNormalHeader.m in Sources */,
				A200CC4A20AE7D45005422FA /* MJRefreshFooter.m in Sources */,
				A200CC4C20AE7D45005422FA /* MJRefreshBackFooter.m in Sources */,
				A206DB7620AAE77000CDF08C /* MASCompositeConstraint.m in Sources */,
				A24A5D4820ABCDED00C49064 /* WWFileOperation.m in Sources */,
				A200CC4520AE7D45005422FA /* MJRefreshAutoGifFooter.m in Sources */,
				A24A5D4B20ABCDED00C49064 /* WWUI.m in Sources */,
				A206DB7A20AAE77000CDF08C /* View+MASAdditions.m in Sources */,
				A206DB7720AAE77000CDF08C /* MASConstraintMaker.m in Sources */,
				A200CC4920AE7D45005422FA /* MJRefreshGifHeader.m in Sources */,
				A200CC4E20AE7D45005422FA /* MJRefreshComponent.m in Sources */,
				A25343F820B65F0100D5A100 /* WWTableVGroupsControllerViewController.m in Sources */,
				A200CC4320AE7D45005422FA /* MJRefreshBackNormalFooter.m in Sources */,
				A200CC4B20AE7D45005422FA /* MJRefreshHeader.m in Sources */,
				A200CC4220AE7D45005422FA /* MJRefreshBackStateFooter.m in Sources */,
				A206DB7B20AAE77000CDF08C /* MASConstraint.m in Sources */,
				A24A5D4D20ABCDED00C49064 /* UILabel+ExtraWidth.m in Sources */,
				A206DB7420AAE77000CDF08C /* NSLayoutConstraint+MASDebugAdditions.m in Sources */,
				A206DB7820AAE77000CDF08C /* MASLayoutConstraint.m in Sources */,
				A200CC3C20AE7D45005422FA /* MJRefreshConst.m in Sources */,
				A206DB4120A996A100CDF08C /* AppDelegate.m in Sources */,
				A200CC3E20AE7D45005422FA /* UIScrollView+MJExtension.m in Sources */,
			);
			runOnlyForDeploymentPostprocessing = 0;
		};
/* End PBXSourcesBuildPhase section */

/* Begin PBXVariantGroup section */
		A206DB4520A996A100CDF08C /* Main.storyboard */ = {
			isa = PBXVariantGroup;
			children = (
				A206DB4620A996A100CDF08C /* Base */,
			);
			name = Main.storyboard;
			sourceTree = "<group>";
		};
		A206DB4A20A996A100CDF08C /* LaunchScreen.storyboard */ = {
			isa = PBXVariantGroup;
			children = (
				A206DB4B20A996A100CDF08C /* Base */,
			);
			name = LaunchScreen.storyboard;
			sourceTree = "<group>";
		};
/* End PBXVariantGroup section */

/* Begin XCBuildConfiguration section */
		A206DB5020A996A100CDF08C /* Debug */ = {
			isa = XCBuildConfiguration;
			buildSettings = {
				ALWAYS_SEARCH_USER_PATHS = NO;
				CLANG_ANALYZER_NONNULL = YES;
				CLANG_ANALYZER_NUMBER_OBJECT_CONVERSION = YES_AGGRESSIVE;
				CLANG_CXX_LANGUAGE_STANDARD = "gnu++14";
				CLANG_CXX_LIBRARY = "libc++";
				CLANG_ENABLE_MODULES = YES;
				CLANG_ENABLE_OBJC_ARC = YES;
				CLANG_WARN_BLOCK_CAPTURE_AUTORELEASING = YES;
				CLANG_WARN_BOOL_CONVERSION = YES;
				CLANG_WARN_COMMA = YES;
				CLANG_WARN_CONSTANT_CONVERSION = YES;
				CLANG_WARN_DIRECT_OBJC_ISA_USAGE = YES_ERROR;
				CLANG_WARN_DOCUMENTATION_COMMENTS = YES;
				CLANG_WARN_EMPTY_BODY = YES;
				CLANG_WARN_ENUM_CONVERSION = YES;
				CLANG_WARN_INFINITE_RECURSION = YES;
				CLANG_WARN_INT_CONVERSION = YES;
				CLANG_WARN_NON_LITERAL_NULL_CONVERSION = YES;
				CLANG_WARN_OBJC_LITERAL_CONVERSION = YES;
				CLANG_WARN_OBJC_ROOT_CLASS = YES_ERROR;
				CLANG_WARN_RANGE_LOOP_ANALYSIS = YES;
				CLANG_WARN_STRICT_PROTOTYPES = YES;
				CLANG_WARN_SUSPICIOUS_MOVE = YES;
				CLANG_WARN_UNGUARDED_AVAILABILITY = YES_AGGRESSIVE;
				CLANG_WARN_UNREACHABLE_CODE = YES;
				CLANG_WARN__DUPLICATE_METHOD_MATCH = YES;
				CODE_SIGN_IDENTITY = "iPhone Developer";
				COPY_PHASE_STRIP = NO;
				DEBUG_INFORMATION_FORMAT = dwarf;
				ENABLE_STRICT_OBJC_MSGSEND = YES;
				ENABLE_TESTABILITY = YES;
				GCC_C_LANGUAGE_STANDARD = gnu11;
				GCC_DYNAMIC_NO_PIC = NO;
				GCC_NO_COMMON_BLOCKS = YES;
				GCC_OPTIMIZATION_LEVEL = 0;
				GCC_PREPROCESSOR_DEFINITIONS = (
					"DEBUG=1",
					"$(inherited)",
				);
				GCC_WARN_64_TO_32_BIT_CONVERSION = YES;
				GCC_WARN_ABOUT_RETURN_TYPE = YES_ERROR;
				GCC_WARN_UNDECLARED_SELECTOR = YES;
				GCC_WARN_UNINITIALIZED_AUTOS = YES_AGGRESSIVE;
				GCC_WARN_UNUSED_FUNCTION = YES;
				GCC_WARN_UNUSED_VARIABLE = YES;
				IPHONEOS_DEPLOYMENT_TARGET = 11.2;
				MTL_ENABLE_DEBUG_INFO = YES;
				ONLY_ACTIVE_ARCH = YES;
				SDKROOT = iphoneos;
			};
			name = Debug;
		};
		A206DB5120A996A100CDF08C /* Release */ = {
			isa = XCBuildConfiguration;
			buildSettings = {
				ALWAYS_SEARCH_USER_PATHS = NO;
				CLANG_ANALYZER_NONNULL = YES;
				CLANG_ANALYZER_NUMBER_OBJECT_CONVERSION = YES_AGGRESSIVE;
				CLANG_CXX_LANGUAGE_STANDARD = "gnu++14";
				CLANG_CXX_LIBRARY = "libc++";
				CLANG_ENABLE_MODULES = YES;
				CLANG_ENABLE_OBJC_ARC = YES;
				CLANG_WARN_BLOCK_CAPTURE_AUTORELEASING = YES;
				CLANG_WARN_BOOL_CONVERSION = YES;
				CLANG_WARN_COMMA = YES;
				CLANG_WARN_CONSTANT_CONVERSION = YES;
				CLANG_WARN_DIRECT_OBJC_ISA_USAGE = YES_ERROR;
				CLANG_WARN_DOCUMENTATION_COMMENTS = YES;
				CLANG_WARN_EMPTY_BODY = YES;
				CLANG_WARN_ENUM_CONVERSION = YES;
				CLANG_WARN_INFINITE_RECURSION = YES;
				CLANG_WARN_INT_CONVERSION = YES;
				CLANG_WARN_NON_LITERAL_NULL_CONVERSION = YES;
				CLANG_WARN_OBJC_LITERAL_CONVERSION = YES;
				CLANG_WARN_OBJC_ROOT_CLASS = YES_ERROR;
				CLANG_WARN_RANGE_LOOP_ANALYSIS = YES;
				CLANG_WARN_STRICT_PROTOTYPES = YES;
				CLANG_WARN_SUSPICIOUS_MOVE = YES;
				CLANG_WARN_UNGUARDED_AVAILABILITY = YES_AGGRESSIVE;
				CLANG_WARN_UNREACHABLE_CODE = YES;
				CLANG_WARN__DUPLICATE_METHOD_MATCH = YES;
				CODE_SIGN_IDENTITY = "iPhone Developer";
				COPY_PHASE_STRIP = NO;
				DEBUG_INFORMATION_FORMAT = "dwarf-with-dsym";
				ENABLE_NS_ASSERTIONS = NO;
				ENABLE_STRICT_OBJC_MSGSEND = YES;
				GCC_C_LANGUAGE_STANDARD = gnu11;
				GCC_NO_COMMON_BLOCKS = YES;
				GCC_WARN_64_TO_32_BIT_CONVERSION = YES;
				GCC_WARN_ABOUT_RETURN_TYPE = YES_ERROR;
				GCC_WARN_UNDECLARED_SELECTOR = YES;
				GCC_WARN_UNINITIALIZED_AUTOS = YES_AGGRESSIVE;
				GCC_WARN_UNUSED_FUNCTION = YES;
				GCC_WARN_UNUSED_VARIABLE = YES;
				IPHONEOS_DEPLOYMENT_TARGET = 11.2;
				MTL_ENABLE_DEBUG_INFO = NO;
				SDKROOT = iphoneos;
				VALIDATE_PRODUCT = YES;
			};
			name = Release;
		};
		A206DB5320A996A100CDF08C /* Debug */ = {
			isa = XCBuildConfiguration;
			buildSettings = {
				ASSETCATALOG_COMPILER_APPICON_NAME = AppIcon;
				CODE_SIGN_STYLE = Automatic;
				DEVELOPMENT_TEAM = RZCH27JL7D;
				INFOPLIST_FILE = "demo——5.14/Info.plist";
				IPHONEOS_DEPLOYMENT_TARGET = 10.0;
				LD_RUNPATH_SEARCH_PATHS = "$(inherited) @executable_path/Frameworks";
				PRODUCT_BUNDLE_IDENTIFIER = "com.1zkl.deemo--53-147";
				PRODUCT_NAME = "$(TARGET_NAME)";
				TARGETED_DEVICE_FAMILY = "1,2";
			};
			name = Debug;
		};
		A206DB5420A996A100CDF08C /* Release */ = {
			isa = XCBuildConfiguration;
			buildSettings = {
				ASSETCATALOG_COMPILER_APPICON_NAME = AppIcon;
				CODE_SIGN_STYLE = Automatic;
				DEVELOPMENT_TEAM = RZCH27JL7D;
				INFOPLIST_FILE = "demo——5.14/Info.plist";
				IPHONEOS_DEPLOYMENT_TARGET = 10.0;
				LD_RUNPATH_SEARCH_PATHS = "$(inherited) @executable_path/Frameworks";
				PRODUCT_BUNDLE_IDENTIFIER = "com.1zkl.deemo--53-147";
				PRODUCT_NAME = "$(TARGET_NAME)";
				TARGETED_DEVICE_FAMILY = "1,2";
			};
			name = Release;
		};
/* End XCBuildConfiguration section */

/* Begin XCConfigurationList section */
		A206DB3720A996A100CDF08C /* Build configuration list for PBXProject "demo——5.14" */ = {
			isa = XCConfigurationList;
			buildConfigurations = (
				A206DB5020A996A100CDF08C /* Debug */,
				A206DB5120A996A100CDF08C /* Release */,
			);
			defaultConfigurationIsVisible = 0;
			defaultConfigurationName = Release;
		};
		A206DB5220A996A100CDF08C /* Build configuration list for PBXNativeTarget "demo——5.14" */ = {
			isa = XCConfigurationList;
			buildConfigurations = (
				A206DB5320A996A100CDF08C /* Debug */,
				A206DB5420A996A100CDF08C /* Release */,
			);
			defaultConfigurationIsVisible = 0;
			defaultConfigurationName = Release;
		};
/* End XCConfigurationList section */
	};
	rootObject = A206DB3420A996A100CDF08C /* Project object */;
}
